
Microsoft Visual Studio Solution File, Format Version 12.00
Project("{FAE04EC0-301F-11D3-BF4B-00C04F79EFBC}") = "rabbit-web", "rabbit-web\rabbit-web.csproj", "{7B8F4832-7DD7-4E09-B95B-160516F20FEA}"
EndProject
Project("{FAE04EC0-301F-11D3-BF4B-00C04F79EFBC}") = "rabbit-worker.Contract", "..\rabbit-worker\rabbit-worker.Contract\rabbit-worker.Contract.csproj", "{4CF4F718-3501-47AA-9CF7-AC4C9584883F}"
EndProject
Global
	GlobalSection(SolutionConfigurationPlatforms) = preSolution
		Debug|Any CPU = Debug|Any CPU
		Release|Any CPU = Release|Any CPU
	EndGlobalSection
	GlobalSection(ProjectConfigurationPlatforms) = postSolution
		{7B8F4832-7DD7-4E09-B95B-160516F20FEA}.Debug|Any CPU.ActiveCfg = Debug|Any CPU
		{7B8F4832-7DD7-4E09-B95B-160516F20FEA}.Debug|Any CPU.Build.0 = Debug|Any CPU
		{7B8F4832-7DD7-4E09-B95B-160516F20FEA}.Release|Any CPU.ActiveCfg = Release|Any CPU
		{7B8F4832-7DD7-4E09-B95B-160516F20FEA}.Release|Any CPU.Build.0 = Release|Any CPU
		{4CF4F718-3501-47AA-9CF7-AC4C9584883F}.Debug|Any CPU.ActiveCfg = Debug|Any CPU
		{4CF4F718-3501-47AA-9CF7-AC4C9584883F}.Debug|Any CPU.Build.0 = Debug|Any CPU
		{4CF4F718-3501-47AA-9CF7-AC4C9584883F}.Release|Any CPU.ActiveCfg = Release|Any CPU
		{4CF4F718-3501-47AA-9CF7-AC4C9584883F}.Release|Any CPU.Build.0 = Release|Any CPU
	EndGlobalSection
EndGlobal
